[[package]]
name = "hid"
version = "1.0.4"
description = "ctypes bindings for hidapi"
category = "main"
optional = false
python-versions = "*"

[metadata]
lock-version = "1.1"
python-versions = "^3.8"
content-hash = "0686b4b5474dab5ea32c7c84d04f617a54588e3643f5fbd6ac8e0e8f4e0dc239"

[metadata.files]
hid = [
    {file = "hid-1.0.4-py2-none-any.whl", hash = "sha256:fba9913f07030b01059b822b24c83b370ca3f444e9e6443bd662f9f1aa3f0780"},
    {file = "hid-1.0.4.tar.gz", hash = "sha256:f61b0382f37a334bc8ba8604bc84b94875ee4f594fbbaf82b2c3b3e827883fc1"},
]
