[[package]]
name = "hid"
version = "1.0.2"
description = "ctypes bindings for hidapi"
category = "main"
optional = false
python-versions = "*"

[metadata]
lock-version = "1.1"
python-versions = "^3.8"
content-hash = "ca5c59120102a961888a59284b9606dec3539fa5fad19ba97d67cd7516edfc6c"

[metadata.files]
hid = [
    {file = "hid-1.0.2-py2-none-any.whl", hash = "sha256:e014a1a7b13472be2f1e6087508e0dcfb7ced886a73140b6d610eb262ad841a9"},
    {file = "hid-1.0.2.tar.gz", hash = "sha256:9f22ceb50eba4187f1032affbef520bb22dfd1d96666a412f531613ff42b277e"},
]
